
Microsoft Visual Studio Solution File, Format Version 12.00
# Visual Studio Version 17
VisualStudioVersion = 17.4.33205.214
MinimumVisualStudioVersion = 10.0.40219.1
Project("{FAE04EC0-301F-11D3-BF4B-00C04F79EFBC}") = "ElibraryManagement", "WebApplication1\ElibraryManagement.csproj", "{5D0BD884-FD3E-4FD1-818A-0244D8501CFA}"
EndProject
Global
	GlobalSection(SolutionConfigurationPlatforms) = preSolution
		Debug|Any CPU = Debug|Any CPU
		Release|Any CPU = Release|Any CPU
	EndGlobalSection
	GlobalSection(ProjectConfigurationPlatforms) = postSolution
		{5D0BD884-FD3E-4FD1-818A-0244D8501CFA}.Debug|Any CPU.ActiveCfg = Debug|Any CPU
		{5D0BD884-FD3E-4FD1-818A-0244D8501CFA}.Debug|Any CPU.Build.0 = Debug|Any CPU
		{5D0BD884-FD3E-4FD1-818A-0244D8501CFA}.Release|Any CPU.ActiveCfg = Release|Any CPU
		{5D0BD884-FD3E-4FD1-818A-0244D8501CFA}.Release|Any CPU.Build.0 = Release|Any CPU
	EndGlobalSection
	GlobalSection(SolutionProperties) = preSolution
		HideSolutionNode = FALSE
	EndGlobalSection
	GlobalSection(ExtensibilityGlobals) = postSolution
		SolutionGuid = {A81F5A4E-08A5-444C-8E83-BF4EB9BBD76A}
	EndGlobalSection
EndGlobal
